// !$*UTF8*$!
{
	archiveVersion = 1;
	classes = {
	};
	objectVersion = 50;
	objects = {

/* Begin PBXBuildFile section */
		D238AE58279959A30033E3AE /* AppDelegate.swift in Sources */ = {isa = PBXBuildFile; fileRef = D238AE57279959A30033E3AE /* AppDelegate.swift */; };
		D238AE5A279959A30033E3AE /* SceneDelegate.swift in Sources */ = {isa = PBXBuildFile; fileRef = D238AE59279959A30033E3AE /* SceneDelegate.swift */; };
		D238AE5C279959A30033E3AE /* ViewController.swift in Sources */ = {isa = PBXBuildFile; fileRef = D238AE5B279959A30033E3AE /* ViewController.swift */; };
		D238AE5F279959A30033E3AE /* Main.storyboard in Resources */ = {isa = PBXBuildFile; fileRef = D238AE5D279959A30033E3AE /* Main.storyboard */; };
		D238AE61279959A60033E3AE /* Assets.xcassets in Resources */ = {isa = PBXBuildFile; fileRef = D238AE60279959A60033E3AE /* Assets.xcassets */; };
		D238AE64279959A60033E3AE /* LaunchScreen.storyboard in Resources */ = {isa = PBXBuildFile; fileRef = D238AE62279959A60033E3AE /* LaunchScreen.storyboard */; };
		D238AE6D27995AD90033E3AE /* SwiftUIView.swift in Sources */ = {isa = PBXBuildFile; fileRef = D238AE6C27995AD90033E3AE /* SwiftUIView.swift */; };
		D238AE70279965310033E3AE /* RatingView.swift in Sources */ = {isa = PBXBuildFile; fileRef = D238AE6F279965310033E3AE /* RatingView.swift */; };
		D2898B19279A6A37004433D6 /* GradientView.swift in Sources */ = {isa = PBXBuildFile; fileRef = D2898B18279A6A37004433D6 /* GradientView.swift */; };
/* End PBXBuildFile section */

/* Begin PBXFileReference section */
		D238AE54279959A30033E3AE /* SwiftWithSwiftUI.app */ = {isa = PBXFileReference; explicitFileType = wrapper.application; includeInIndex = 0; path = SwiftWithSwiftUI.app; sourceTree = BUILT_PRODUCTS_DIR; };
		D238AE57279959A30033E3AE /* AppDelegate.swift */ = {isa = PBXFileReference; lastKnownFileType = sourcecode.swift; path = AppDelegate.swift; sourceTree = "<group>"; };
		D238AE59279959A30033E3AE /* SceneDelegate.swift */ = {isa = PBXFileReference; lastKnownFileType = sourcecode.swift; path = SceneDelegate.swift; sourceTree = "<group>"; };
		D238AE5B279959A30033E3AE /* ViewController.swift */ = {isa = PBXFileReference; lastKnownFileType = sourcecode.swift; path = ViewController.swift; sourceTree = "<group>"; };
		D238AE5E279959A30033E3AE /* Base */ = {isa = PBXFileReference; lastKnownFileType = file.storyboard; name = Base; path = Base.lproj/Main.storyboard; sourceTree = "<group>"; };
		D238AE60279959A60033E3AE /* Assets.xcassets */ = {isa = PBXFileReference; lastKnownFileType = folder.assetcatalog; path = Assets.xcassets; sourceTree = "<group>"; };
		D238AE63279959A60033E3AE /* Base */ = {isa = PBXFileReference; lastKnownFileType = file.storyboard; name = Base; path = Base.lproj/LaunchScreen.storyboard; sourceTree = "<group>"; };
		D238AE65279959A60033E3AE /* Info.plist */ = {isa = PBXFileReference; lastKnownFileType = text.plist.xml; path = Info.plist; sourceTree = "<group>"; };
		D238AE6C27995AD90033E3AE /* SwiftUIView.swift */ = {isa = PBXFileReference; lastKnownFileType = sourcecode.swift; path = SwiftUIView.swift; sourceTree = "<group>"; };
		D238AE6F279965310033E3AE /* RatingView.swift */ = {isa = PBXFileReference; lastKnownFileType = sourcecode.swift; path = RatingView.swift; sourceTree = "<group>"; };
		D2898B18279A6A37004433D6 /* GradientView.swift */ = {isa = PBXFileReference; lastKnownFileType = sourcecode.swift; path = GradientView.swift; sourceTree = "<group>"; };
/* End PBXFileReference section */

/* Begin PBXFrameworksBuildPhase section */
		D238AE51279959A30033E3AE /* Frameworks */ = {
			isa = PBXFrameworksBuildPhase;
			buildActionMask = 2147483647;
			files = (
			);
			runOnlyForDeploymentPostprocessing = 0;
		};
/* End PBXFrameworksBuildPhase section */

/* Begin PBXGroup section */
		D238AE4B279959A30033E3AE = {
			isa = PBXGroup;
			children = (
				D238AE56279959A30033E3AE /* SwiftWithSwiftUI */,
				D238AE55279959A30033E3AE /* Products */,
			);
			sourceTree = "<group>";
		};
		D238AE55279959A30033E3AE /* Products */ = {
			isa = PBXGroup;
			children = (
				D238AE54279959A30033E3AE /* SwiftWithSwiftUI.app */,
			);
			name = Products;
			sourceTree = "<group>";
		};
		D238AE56279959A30033E3AE /* SwiftWithSwiftUI */ = {
			isa = PBXGroup;
			children = (
				D238AE57279959A30033E3AE /* AppDelegate.swift */,
				D238AE59279959A30033E3AE /* SceneDelegate.swift */,
				D238AE5B279959A30033E3AE /* ViewController.swift */,
				D238AE6C27995AD90033E3AE /* SwiftUIView.swift */,
				D238AE6F279965310033E3AE /* RatingView.swift */,
				D2898B18279A6A37004433D6 /* GradientView.swift */,
				D238AE5D279959A30033E3AE /* Main.storyboard */,
				D238AE60279959A60033E3AE /* Assets.xcassets */,
				D238AE62279959A60033E3AE /* LaunchScreen.storyboard */,
				D238AE65279959A60033E3AE /* Info.plist */,
			);
			path = SwiftWithSwiftUI;
			sourceTree = "<group>";
		};
/* End PBXGroup section */

/* Begin PBXNativeTarget section */
		D238AE53279959A30033E3AE /* SwiftWithSwiftUI */ = {
			isa = PBXNativeTarget;
			buildConfigurationList = D238AE68279959A60033E3AE /* Build configuration list for PBXNativeTarget "SwiftWithSwiftUI" */;
			buildPhases = (
				D238AE50279959A30033E3AE /* Sources */,
				D238AE51279959A30033E3AE /* Frameworks */,
				D238AE52279959A30033E3AE /* Resources */,
			);
			buildRules = (
			);
			dependencies = (
			);
			name = SwiftWithSwiftUI;
			productName = SwiftWithSwiftUI;
			productReference = D238AE54279959A30033E3AE /* SwiftWithSwiftUI.app */;
			productType = "com.apple.product-type.application";
		};
/* End PBXNativeTarget section */

/* Begin PBXProject section */
		D238AE4C279959A30033E3AE /* Project object */ = {
			isa = PBXProject;
			attributes = {
				LastSwiftUpdateCheck = 1240;
				LastUpgradeCheck = 1240;
				TargetAttributes = {
					D238AE53279959A30033E3AE = {
						CreatedOnToolsVersion = 12.4;
					};
				};
			};
			buildConfigurationList = D238AE4F279959A30033E3AE /* Build configuration list for PBXProject "SwiftWithSwiftUI" */;
			compatibilityVersion = "Xcode 9.3";
			developmentRegion = en;
			hasScannedForEncodings = 0;
			knownRegions = (
				en,
				Base,
			);
			mainGroup = D238AE4B279959A30033E3AE;
			productRefGroup = D238AE55279959A30033E3AE /* Products */;
			projectDirPath = "";
			projectRoot = "";
			targets = (
				D238AE53279959A30033E3AE /* SwiftWithSwiftUI */,
			);
		};
/* End PBXProject section */

/* Begin PBXResourcesBuildPhase section */
		D238AE52279959A30033E3AE /* Resources */ = {
			isa = PBXResourcesBuildPhase;
			buildActionMask = 2147483647;
			files = (
				D238AE64279959A60033E3AE /* LaunchScreen.storyboard in Resources */,
				D238AE61279959A60033E3AE /* Assets.xcassets in Resources */,
				D238AE5F279959A30033E3AE /* Main.storyboard in Resources */,
			);
			runOnlyForDeploymentPostprocessing = 0;
		};
/* End PBXResourcesBuildPhase section */

/* Begin PBXSourcesBuildPhase section */
		D238AE50279959A30033E3AE /* Sources */ = {
			isa = PBXSourcesBuildPhase;
			buildActionMask = 2147483647;
			files = (
				D238AE5C279959A30033E3AE /* ViewController.swift in Sources */,
				D238AE58279959A30033E3AE /* AppDelegate.swift in Sources */,
				D2898B19279A6A37004433D6 /* GradientView.swift in Sources */,
				D238AE6D27995AD90033E3AE /* SwiftUIView.swift in Sources */,
				D238AE70279965310033E3AE /* RatingView.swift in Sources */,
				D238AE5A279959A30033E3AE /* SceneDelegate.swift in Sources */,
			);
			runOnlyForDeploymentPostprocessing = 0;
		};
/* End PBXSourcesBuildPhase section */

/* Begin PBXVariantGroup section */
		D238AE5D279959A30033E3AE /* Main.storyboard */ = {
			isa = PBXVariantGroup;
			children = (
				D238AE5E279959A30033E3AE /* Base */,
			);
			name = Main.storyboard;
			sourceTree = "<group>";
		};
		D238AE62279959A60033E3AE /* LaunchScreen.storyboard */ = {
			isa = PBXVariantGroup;
			children = (
				D238AE63279959A60033E3AE /* Base */,
			);
			name = LaunchScreen.storyboard;
			sourceTree = "<group>";
		};
/* End PBXVariantGroup section */

/* Begin XCBuildConfiguration section */
		D238AE66279959A60033E3AE /* Debug */ = {
			isa = XCBuildConfiguration;
			buildSettings = {
				ALWAYS_SEARCH_USER_PATHS = NO;
				CLANG_ANALYZER_NONNULL = YES;
				CLANG_ANALYZER_NUMBER_OBJECT_CONVERSION = YES_AGGRESSIVE;
				CLANG_CXX_LANGUAGE_STANDARD = "gnu++14";
				CLANG_CXX_LIBRARY = "libc++";
				CLANG_ENABLE_MODULES = YES;
				CLANG_ENABLE_OBJC_ARC = YES;
				CLANG_ENABLE_OBJC_WEAK = YES;
				CLANG_WARN_BLOCK_CAPTURE_AUTORELEASING = YES;
				CLANG_WARN_BOOL_CONVERSION = YES;
				CLANG_WARN_COMMA = YES;
				CLANG_WARN_CONSTANT_CONVERSION = YES;
				CLANG_WARN_DEPRECATED_OBJC_IMPLEMENTATIONS = YES;
				CLANG_WARN_DIRECT_OBJC_ISA_USAGE = YES_ERROR;
				CLANG_WARN_DOCUMENTATION_COMMENTS = YES;
				CLANG_WARN_EMPTY_BODY = YES;
				CLANG_WARN_ENUM_CONVERSION = YES;
				CLANG_WARN_INFINITE_RECURSION = YES;
				CLANG_WARN_INT_CONVERSION = YES;
				CLANG_WARN_NON_LITERAL_NULL_CONVERSION = YES;
				CLANG_WARN_OBJC_IMPLICIT_RETAIN_SELF = YES;
				CLANG_WARN_OBJC_LITERAL_CONVERSION = YES;
				CLANG_WARN_OBJC_ROOT_CLASS = YES_ERROR;
				CLANG_WARN_QUOTED_INCLUDE_IN_FRAMEWORK_HEADER = YES;
				CLANG_WARN_RANGE_LOOP_ANALYSIS = YES;
				CLANG_WARN_STRICT_PROTOTYPES = YES;
				CLANG_WARN_SUSPICIOUS_MOVE = YES;
				CLANG_WARN_UNGUARDED_AVAILABILITY = YES_AGGRESSIVE;
				CLANG_WARN_UNREACHABLE_CODE = YES;
				CLANG_WARN__DUPLICATE_METHOD_MATCH = YES;
				COPY_PHASE_STRIP = NO;
				DEBUG_INFORMATION_FORMAT = dwarf;
				ENABLE_STRICT_OBJC_MSGSEND = YES;
				ENABLE_TESTABILITY = YES;
				GCC_C_LANGUAGE_STANDARD = gnu11;
				GCC_DYNAMIC_NO_PIC = NO;
				GCC_NO_COMMON_BLOCKS = YES;
				GCC_OPTIMIZATION_LEVEL = 0;
				GCC_PREPROCESSOR_DEFINITIONS = (
					"DEBUG=1",
					"$(inherited)",
				);
				GCC_WARN_64_TO_32_BIT_CONVERSION = YES;
				GCC_WARN_ABOUT_RETURN_TYPE = YES_ERROR;
				GCC_WARN_UNDECLARED_SELECTOR = YES;
				GCC_WARN_UNINITIALIZED_AUTOS = YES_AGGRESSIVE;
				GCC_WARN_UNUSED_FUNCTION = YES;
				GCC_WARN_UNUSED_VARIABLE = YES;
				IPHONEOS_DEPLOYMENT_TARGET = 14.4;
				MTL_ENABLE_DEBUG_INFO = INCLUDE_SOURCE;
				MTL_FAST_MATH = YES;
				ONLY_ACTIVE_ARCH = YES;
				SDKROOT = iphoneos;
				SWIFT_ACTIVE_COMPILATION_CONDITIONS = DEBUG;
				SWIFT_OPTIMIZATION_LEVEL = "-Onone";
			};
			name = Debug;
		};
		D238AE67279959A60033E3AE /* Release */ = {
			isa = XCBuildConfiguration;
			buildSettings = {
				ALWAYS_SEARCH_USER_PATHS = NO;
				CLANG_ANALYZER_NONNULL = YES;
				CLANG_ANALYZER_NUMBER_OBJECT_CONVERSION = YES_AGGRESSIVE;
				CLANG_CXX_LANGUAGE_STANDARD = "gnu++14";
				CLANG_CXX_LIBRARY = "libc++";
				CLANG_ENABLE_MODULES = YES;
				CLANG_ENABLE_OBJC_ARC = YES;
				CLANG_ENABLE_OBJC_WEAK = YES;
				CLANG_WARN_BLOCK_CAPTURE_AUTORELEASING = YES;
				CLANG_WARN_BOOL_CONVERSION = YES;
				CLANG_WARN_COMMA = YES;
				CLANG_WARN_CONSTANT_CONVERSION = YES;
				CLANG_WARN_DEPRECATED_OBJC_IMPLEMENTATIONS = YES;
				CLANG_WARN_DIRECT_OBJC_ISA_USAGE = YES_ERROR;
				CLANG_WARN_DOCUMENTATION_COMMENTS = YES;
				CLANG_WARN_EMPTY_BODY = YES;
				CLANG_WARN_ENUM_CONVERSION = YES;
				CLANG_WARN_INFINITE_RECURSION = YES;
				CLANG_WARN_INT_CONVERSION = YES;
				CLANG_WARN_NON_LITERAL_NULL_CONVERSION = YES;
				CLANG_WARN_OBJC_IMPLICIT_RETAIN_SELF = YES;
				CLANG_WARN_OBJC_LITERAL_CONVERSION = YES;
				CLANG_WARN_OBJC_ROOT_CLASS = YES_ERROR;
				CLANG_WARN_QUOTED_INCLUDE_IN_FRAMEWORK_HEADER = YES;
				CLANG_WARN_RANGE_LOOP_ANALYSIS = YES;
				CLANG_WARN_STRICT_PROTOTYPES = YES;
				CLANG_WARN_SUSPICIOUS_MOVE = YES;
				CLANG_WARN_UNGUARDED_AVAILABILITY = YES_AGGRESSIVE;
				CLANG_WARN_UNREACHABLE_CODE = YES;
				CLANG_WARN__DUPLICATE_METHOD_MATCH = YES;
				COPY_PHASE_STRIP = NO;
				DEBUG_INFORMATION_FORMAT = "dwarf-with-dsym";
				ENABLE_NS_ASSERTIONS = NO;
				ENABLE_STRICT_OBJC_MSGSEND = YES;
				GCC_C_LANGUAGE_STANDARD = gnu11;
				GCC_NO_COMMON_BLOCKS = YES;
				GCC_WARN_64_TO_32_BIT_CONVERSION = YES;
				GCC_WARN_ABOUT_RETURN_TYPE = YES_ERROR;
				GCC_WARN_UNDECLARED_SELECTOR = YES;
				GCC_WARN_UNINITIALIZED_AUTOS = YES_AGGRESSIVE;
				GCC_WARN_UNUSED_FUNCTION = YES;
				GCC_WARN_UNUSED_VARIABLE = YES;
				IPHONEOS_DEPLOYMENT_TARGET = 14.4;
				MTL_ENABLE_DEBUG_INFO = NO;
				MTL_FAST_MATH = YES;
				SDKROOT = iphoneos;
				SWIFT_COMPILATION_MODE = wholemodule;
				SWIFT_OPTIMIZATION_LEVEL = "-O";
				VALIDATE_PRODUCT = YES;
			};
			name = Release;
		};
		D238AE69279959A60033E3AE /* Debug */ = {
			isa = XCBuildConfiguration;
			buildSettings = {
				ASSETCATALOG_COMPILER_APPICON_NAME = AppIcon;
				ASSETCATALOG_COMPILER_GLOBAL_ACCENT_COLOR_NAME = AccentColor;
				CODE_SIGN_STYLE = Automatic;
				INFOPLIST_FILE = SwiftWithSwiftUI/Info.plist;
				LD_RUNPATH_SEARCH_PATHS = (
					"$(inherited)",
					"@executable_path/Frameworks",
				);
				PRODUCT_BUNDLE_IDENTIFIER = tk.Example.SwiftWithSwiftUI;
				PRODUCT_NAME = "$(TARGET_NAME)";
				SWIFT_VERSION = 5.0;
				TARGETED_DEVICE_FAMILY = "1,2";
			};
			name = Debug;
		};
		D238AE6A279959A60033E3AE /* Release */ = {
			isa = XCBuildConfiguration;
			buildSettings = {
				ASSETCATALOG_COMPILER_APPICON_NAME = AppIcon;
				ASSETCATALOG_COMPILER_GLOBAL_ACCENT_COLOR_NAME = AccentColor;
				CODE_SIGN_STYLE = Automatic;
				INFOPLIST_FILE = SwiftWithSwiftUI/Info.plist;
				LD_RUNPATH_SEARCH_PATHS = (
					"$(inherited)",
					"@executable_path/Frameworks",
				);
				PRODUCT_BUNDLE_IDENTIFIER = tk.Example.SwiftWithSwiftUI;
				PRODUCT_NAME = "$(TARGET_NAME)";
				SWIFT_VERSION = 5.0;
				TARGETED_DEVICE_FAMILY = "1,2";
			};
			name = Release;
		};
/* End XCBuildConfiguration section */

/* Begin XCConfigurationList section */
		D238AE4F279959A30033E3AE /* Build configuration list for PBXProject "SwiftWithSwiftUI" */ = {
			isa = XCConfigurationList;
			buildConfigurations = (
				D238AE66279959A60033E3AE /* Debug */,
				D238AE67279959A60033E3AE /* Release */,
			);
			defaultConfigurationIsVisible = 0;
			defaultConfigurationName = Release;
		};
		D238AE68279959A60033E3AE /* Build configuration list for PBXNativeTarget "SwiftWithSwiftUI" */ = {
			isa = XCConfigurationList;
			buildConfigurations = (
				D238AE69279959A60033E3AE /* Debug */,
				D238AE6A279959A60033E3AE /* Release */,
			);
			defaultConfigurationIsVisible = 0;
			defaultConfigurationName = Release;
		};
/* End XCConfigurationList section */
	};
	rootObject = D238AE4C279959A30033E3AE /* Project object */;
}
